
Microsoft Visual Studio Solution File, Format Version 12.00
# Visual Studio 2012
Project("{FAE04EC0-301F-11D3-BF4B-00C04F79EFBC}") = "WindowsFormsApplication2", "WindowsFormsApplication2\WindowsFormsApplication2.csproj", "{9126FD31-A4EB-422D-AC6E-DC64D121F21F}"
EndProject
Global
	GlobalSection(SolutionConfigurationPlatforms) = preSolution
		Debug|Any CPU = Debug|Any CPU
		Release|Any CPU = Release|Any CPU
	EndGlobalSection
	GlobalSection(ProjectConfigurationPlatforms) = postSolution
		{9126FD31-A4EB-422D-AC6E-DC64D121F21F}.Debug|Any CPU.ActiveCfg = Debug|Any CPU
		{9126FD31-A4EB-422D-AC6E-DC64D121F21F}.Debug|Any CPU.Build.0 = Debug|Any CPU
		{9126FD31-A4EB-422D-AC6E-DC64D121F21F}.Release|Any CPU.ActiveCfg = Release|Any CPU
		{9126FD31-A4EB-422D-AC6E-DC64D121F21F}.Release|Any CPU.Build.0 = Release|Any CPU
	EndGlobalSection
	GlobalSection(SolutionProperties) = preSolution
		HideSolutionNode = FALSE
	EndGlobalSection
EndGlobal
